
Microsoft Visual Studio Solution File, Format Version 12.00
# Visual Studio Version 17
VisualStudioVersion = 17.5.33530.505
MinimumVisualStudioVersion = 10.0.40219.1
Project("{FAE04EC0-301F-11D3-BF4B-00C04F79EFBC}") = "BookKeeping", "BookKeeping\BookKeeping.csproj", "{148847C6-D157-42ED-A0FB-05043F2B2127}"
EndProject
Global
	GlobalSection(SolutionConfigurationPlatforms) = preSolution
		Debug|Any CPU = Debug|Any CPU
		Release|Any CPU = Release|Any CPU
	EndGlobalSection
	GlobalSection(ProjectConfigurationPlatforms) = postSolution
		{148847C6-D157-42ED-A0FB-05043F2B2127}.Debug|Any CPU.ActiveCfg = Debug|Any CPU
		{148847C6-D157-42ED-A0FB-05043F2B2127}.Debug|Any CPU.Build.0 = Debug|Any CPU
		{148847C6-D157-42ED-A0FB-05043F2B2127}.Release|Any CPU.ActiveCfg = Release|Any CPU
		{148847C6-D157-42ED-A0FB-05043F2B2127}.Release|Any CPU.Build.0 = Release|Any CPU
	EndGlobalSection
	GlobalSection(SolutionProperties) = preSolution
		HideSolutionNode = FALSE
	EndGlobalSection
	GlobalSection(ExtensibilityGlobals) = postSolution
		SolutionGuid = {B71EBA81-3A75-4AE0-A6B7-BFBA176D1A50}
	EndGlobalSection
EndGlobal
