
Microsoft Visual Studio Solution File, Format Version 12.00
# Visual Studio Version 17
VisualStudioVersion = 17.5.33516.290
MinimumVisualStudioVersion = 10.0.40219.1
Project("{FAE04EC0-301F-11D3-BF4B-00C04F79EFBC}") = "112502", "112502.csproj", "{80144BD4-0962-4296-AA0B-E13A17977200}"
EndProject
Global
	GlobalSection(SolutionConfigurationPlatforms) = preSolution
		Debug|Any CPU = Debug|Any CPU
		Release|Any CPU = Release|Any CPU
	EndGlobalSection
	GlobalSection(ProjectConfigurationPlatforms) = postSolution
		{80144BD4-0962-4296-AA0B-E13A17977200}.Debug|Any CPU.ActiveCfg = Debug|Any CPU
		{80144BD4-0962-4296-AA0B-E13A17977200}.Debug|Any CPU.Build.0 = Debug|Any CPU
		{80144BD4-0962-4296-AA0B-E13A17977200}.Release|Any CPU.ActiveCfg = Release|Any CPU
		{80144BD4-0962-4296-AA0B-E13A17977200}.Release|Any CPU.Build.0 = Release|Any CPU
	EndGlobalSection
	GlobalSection(SolutionProperties) = preSolution
		HideSolutionNode = FALSE
	EndGlobalSection
	GlobalSection(ExtensibilityGlobals) = postSolution
		SolutionGuid = {EA8EBE23-D258-4D5F-894B-9FF33B50C517}
	EndGlobalSection
EndGlobal
